
Microsoft Visual Studio Solution File, Format Version 12.00
# Visual Studio 14
VisualStudioVersion = 14.0.25420.1
MinimumVisualStudioVersion = 10.0.40219.1
Project("{9092AA53-FB77-4645-B42D-1CCCA6BD08BD}") = "widget", "widget.njsproj", "{A88193FD-6339-4697-9C5D-6644097F47FD}"
EndProject
Global
	GlobalSection(SolutionConfigurationPlatforms) = preSolution
		Debug|Any CPU = Debug|Any CPU
		Release|Any CPU = Release|Any CPU
	EndGlobalSection
	GlobalSection(ProjectConfigurationPlatforms) = postSolution
		{A88193FD-6339-4697-9C5D-6644097F47FD}.Debug|Any CPU.ActiveCfg = Debug|Any CPU
		{A88193FD-6339-4697-9C5D-6644097F47FD}.Debug|Any CPU.Build.0 = Debug|Any CPU
		{A88193FD-6339-4697-9C5D-6644097F47FD}.Release|Any CPU.ActiveCfg = Release|Any CPU
		{A88193FD-6339-4697-9C5D-6644097F47FD}.Release|Any CPU.Build.0 = Release|Any CPU
	EndGlobalSection
	GlobalSection(SolutionProperties) = preSolution
		HideSolutionNode = FALSE
	EndGlobalSection
EndGlobal
